github.com/aws/aws-lambda-go v1.52.0 h1:5NfiRaVl9FafUIt2Ld/Bv22kT371mfAI+l1Hd+tV7ZE=
github.com/aws/aws-lambda-go v1.52.0/go.mod h1:dpMpZgvWx5vuQJfBt0zqBha60q7Dd7RfgJv23DymV8A=
github.com/aws/aws-sdk-go-v2 v1.32.4 h1:S13INUiTxgrPueTmrm5DZ+MiAo99zYzHEFh1UNkOxNE=
github.com/aws/aws-sdk-go-v2 v1.32.4/go.mod h1:2SK5n0a2karNTv5tbP1SjsX0uhttou00v/HpXKM1ZUo=
github.com/aws/aws-sdk-go-v2/aws/protocol/eventstream v1.6.6 h1:pT3hpW0cOHRJx8Y0DfJUEQuqPild8jRGmSFmBgvydr0=
github.com/aws/aws-sdk-go-v2/aws/protocol/eventstream v1.6.6/go.mod h1:j/I2++U0xX+cr44QjHay4Cvxj6FUbnxrgmqN3H1jTZA=
github.com/aws/aws-sdk-go-v2/config v1.27.26 h1:T1kAefbKuNum/AbShMsZEro6eRkeOT8YILfE9wyjAYQ=
github.com/aws/aws-sdk-go-v2/config v1.27.26/go.mod h1:ivWHkAWFrw/nxty5Fku7soTIVdqZaZ7dw+tc5iGW3GA=
github.com/aws/aws-sdk-go-v2/credentials v1.17.26 h1:tsm8g/nJxi8+/7XyJJcP2dLrnK/5rkFp6+i2nhmz5fk=
github.com/aws/aws-sdk-go-v2/credentials v1.17.26/go.mod h1:3vAM49zkIa3q8WT6o9Ve5Z0vdByDMwmdScO0zvThTgI=
github.com/aws/aws-sdk-go-v2/feature/ec2/imds v1.16.11 h1:KreluoV8FZDEtI6Co2xuNk/UqI9iwMrOx/87PBNIKqw=
github.com/aws/aws-sdk-go-v2/feature/ec2/imds v1.16.11/go.mod h1:SeSUYBLsMYFoRvHE0Tjvn7kbxaUhl75CJi1sbfhMxkU=
github.com/aws/aws-sdk-go-v2/internal/configsources v1.3.23 h1:A2w6m6Tmr+BNXjDsr7M90zkWjsu4JXHwrzPg235STs4=
github.com/aws/aws-sdk-go-v2/internal/configsources v1.3.23/go.mod h1:35EVp9wyeANdujZruvHiQUAo9E3vbhnIO1mTCAxMlY0=
github.com/aws/aws-sdk-go-v2/internal/endpoints/v2 v2.6.23 h1:pgYW9FCabt2M25MoHYCfMrVY2ghiiBKYWUVXfwZs+sU=
github.com/aws/aws-sdk-go-v2/internal/endpoints/v2 v2.6.23/go.mod h1:c48kLgzO19wAu3CPkDWC28JbaJ+hfQlsdl7I2+oqIbk=
github.com/aws/aws-sdk-go-v2/internal/ini v1.8.0 h1:hT8rVHwugYE2lEfdFE0QWVo81lF7jMrYJVDWI+f+VxU=
github.com/aws/aws-sdk-go-v2/internal/ini v1.8.0/go.mod h1:8tu/lYfQfFe6IGnaOdrpVgEL2IrrDOf6/m9RQum4NkY=
github.com/aws/aws-sdk-go-v2/internal/v4a v1.3.23 h1:1SZBDiRzzs3sNhOMVApyWPduWYGAX0imGy06XiBnCAM=
github.com/aws/aws-sdk-go-v2/internal/v4a v1.3.23/go.mod h1:i9TkxgbZmHVh2S0La6CAXtnyFhlCX/pJ0JsOvBAS6Mk=
github.com/aws/aws-sdk-go-v2/service/internal/accept-encoding v1.12.0 h1:TToQNkvGguu209puTojY/ozlqy2d/SFNcoLIqTFi42g=
github.com/aws/aws-sdk-go-v2/service/internal/accept-encoding v1.12.0/go.mod h1:0jp+ltwkf+SwG2fm/PKo8t4y8pJSgOCO4D8Lz3k0aHQ=
github.com/aws/aws-sdk-go-v2/service/internal/checksum v1.4.4 h1:aaPpoG15S2qHkWm4KlEyF01zovK1nW4BBbyXuHNSE90=
github.com/aws/aws-sdk-go-v2/service/internal/checksum v1.4.4/go.mod h1:eD9gS2EARTKgGr/W5xwgY/ik9z/zqpW+m/xOQbVxrMk=
github.com/aws/aws-sdk-go-v2/service/internal/presigned-url v1.12.4 h1:tHxQi/XHPK0ctd/wdOw0t7Xrc2OxcRCnVzv8lwWPu0c=
github.com/aws/aws-sdk-go-v2/service/internal/presigned-url v1.12.4/go.mod h1:4GQbF1vJzG60poZqWatZlhP31y8PGCCVTvIGPdaaYJ0=
github.com/aws/aws-sdk-go-v2/service/internal/s3shared v1.18.4 h1:E5ZAVOmI2apR8ADb72Q63KqwwwdW1XcMeXIlrZ1Psjg=
github.com/aws/aws-sdk-go-v2/service/internal/s3shared v1.18.4/go.mod h1:wezzqVUOVVdk+2Z/JzQT4NxAU0NbhRe5W8pIE72jsWI=
github.com/aws/aws-sdk-go-v2/service/s3 v1.66.3 h1:neNOYJl72bHrz9ikAEED4VqWyND/Po0DnEx64RW6YM4=
github.com/aws/aws-sdk-go-v2/service/s3 v1.66.3/go.mod h1:TMhLIyRIyoGVlaEMAt+ITMbwskSTpcGsCPDq91/ihY0=
github.com/aws/aws-sdk-go-v2/service/sqs v1.37.0 h1:4el/8jdTeg0Rx/ws3yIEPXR1LfSUiMKhdb/WuDwKzKI=
github.com/aws/aws-sdk-go-v2/service/sqs v1.37.0/go.mod h1:YXj6Y1BjZNj1PKi78CX2hBkVpCCuJ0TRtyd6wrKVQ64=
github.com/aws/aws-sdk-go-v2/service/sso v1.22.3 h1:Fv1vD2L65Jnp5QRsdiM64JvUM4Xe+E0JyVsRQKv6IeA=
github.com/aws/aws-sdk-go-v2/service/sso v1.22.3/go.mod h1:ooyCOXjvJEsUw7x+ZDHeISPMhtwI3ZCB7ggFMcFfWLU=
github.com/aws/aws-sdk-go-v2/service/ssooidc v1.26.4 h1:yiwVzJW2ZxZTurVbYWA7QOrAaCYQR72t0wrSBfoesUE=
github.com/aws/aws-sdk-go-v2/service/ssooidc v1.26.4/go.mod h1:0oxfLkpz3rQ/CHlx5hB7H69YUpFiI1tql6Q6Ne+1bCw=
github.com/aws/aws-sdk-go-v2/service/sts v1.30.3 h1:ZsDKRLXGWHk8WdtyYMoGNO7bTudrvuKpDKgMVRlepGE=
github.com/aws/aws-sdk-go-v2/service/sts v1.30.3/go.mod h1:zwySh8fpFyXp9yOr/KVzxOl8SRqgf/IDw5aUt9UKFcQ=
github.com/aws/smithy-go v1.22.0 h1:uunKnWlcoL3zO7q+gG2Pk53joueEOsnNB28QdMsmiMM=
github.com/aws/smithy-go v1.22.0/go.mod h1:irrKGvNn1InZwb2d7fkIRNucdfwR8R+Ts3wxYa/cJHg=
github.com/davecgh/go-spew v1.1.1 h1:vj9j/u1bqnvCEfJOwUhtlOARqs3+rkHYY13jYWTU97c=
github.com/davecgh/go-spew v1.1.1/go.mod h1:J7Y8YcW2NihsgmVo/mv3lAwl/skON4iLHjSsI+c5H38=
github.com/google/uuid v1.5.0 h1:1p67kYwdtXjb0gL0BPiP1Av9wiZPo5A8z2cWkTZ+eyU=
github.com/google/uuid v1.5.0/go.mod h1:TIyPZe4MgqvfeYDBFedMoGGpEw/LqOeaOT+nhxU+yHo=
github.com/lib/pq v1.10.4 h1:SO9z7FRPzA03QhHKJrH5BXA6HU1rS4V2nIVrrNC1iYk=
github.com/lib/pq v1.10.4/go.mod h1:AlVN5x4E4T544tWzH6hKfbfQvm3HdbOxrmggDNAPY9o=
github.com/pmezard/go-difflib v1.0.0 h1:4DBwDE0NGyQoBHbLQYPwSUPoCMWR5BEzIk/f1lZbAQM=
github.com/pmezard/go-difflib v1.0.0/go.mod h1:iKH77koFhYxTK1pcRnkKkqfTogsbg7gZNVY4sRDYZ/4=
github.com/stretchr/testify v1.7.2 h1:4jaiDzPyXQvSd7D0EjG45355tLlV3VOECpq10pLC+8s=
github.com/stretchr/testify v1.7.2/go.mod h1:R6va5+xMeoiuVRoj+gSkQ7d3FALtqAAGI1FQKckRals=
gopkg.in/yaml.v3 v3.0.1 h1:fxVm/GzAzEWqLHuvctI91KS9hhNmmWOoWu0XTYJS7CA=
gopkg.in/yaml.v3 v3.0.1/go.mod h1:K4uyk7z7BCEPqu6E+C64Yfv1cQ7kz7rIZviUmN+EgEM=
